
Microsoft Visual Studio Solution File, Format Version 12.00
# Visual Studio 15
VisualStudioVersion = 15.0.26403.0
MinimumVisualStudioVersion = 10.0.40219.1
Project("{FAE04EC0-301F-11D3-BF4B-00C04F79EFBC}") = "mallenom.superalg", "mallenom.superalg.prj\mallenom.superalg.csproj", "{1100FBFD-6005-4847-BB45-DDAF98F3C900}"
EndProject
Project("{FAE04EC0-301F-11D3-BF4B-00C04F79EFBC}") = "mallenom.superalg.tests", "tests\mallenom.superalg.tests.prj\mallenom.superalg.tests.csproj", "{B3DC94CB-D00B-493B-B4C0-28FA84D478F0}"
EndProject
Project("{2150E333-8FDC-42A3-9474-1A3956D46DE8}") = "Tests", "Tests", "{885F68A8-72D8-4356-9DB3-D6A291828A93}"
EndProject
Project("{2150E333-8FDC-42A3-9474-1A3956D46DE8}") = "Solution Items", "Solution Items", "{4847B663-2992-4CA9-880C-A5114AA1F517}"
	ProjectSection(SolutionItems) = preProject
		shared\CommonAssemblyInfo.template.cs = shared\CommonAssemblyInfo.template.cs
		..\version = ..\version
	EndProjectSection
EndProject
Project("{2150E333-8FDC-42A3-9474-1A3956D46DE8}") = "auto", "auto", "{6B7ABB8C-17A1-445F-A4A5-08408DB851E8}"
EndProject
Project("{2150E333-8FDC-42A3-9474-1A3956D46DE8}") = "benchmarks", "benchmarks", "{0019F954-0E19-4800-B19C-C710841F3DF3}"
EndProject
Project("{2150E333-8FDC-42A3-9474-1A3956D46DE8}") = "manual", "manual", "{C0C288F0-FCA4-4E6C-8A6A-5A1A8710160D}"
EndProject
Project("{2150E333-8FDC-42A3-9474-1A3956D46DE8}") = "integration", "integration", "{400E4AEF-41B7-4FC4-87BF-A543F58B44B2}"
EndProject
Project("{FAE04EC0-301F-11D3-BF4B-00C04F79EFBC}") = "mallenom.superalg.integration", "tests\mallenom.superalg.integration.prj\mallenom.superalg.integration.csproj", "{975A0E28-DE66-4C7E-900E-6A199A77429B}"
EndProject
Project("{FAE04EC0-301F-11D3-BF4B-00C04F79EFBC}") = "mallenom.superalg.uitest", "tests\mallenom.superalg.uitest.prj\mallenom.superalg.uitest.csproj", "{7CDD7182-D97F-4B46-B751-351D616E5C18}"
EndProject
Project("{FAE04EC0-301F-11D3-BF4B-00C04F79EFBC}") = "memory.benchmark", "tests\memory.benchmark.prj\memory.benchmark.csproj", "{67639788-9E9C-4FB4-AF4D-FF58627D2E39}"
EndProject
Project("{FAE04EC0-301F-11D3-BF4B-00C04F79EFBC}") = "performance.benchmark", "tests\performance.benchmark.prj\performance.benchmark.csproj", "{69F8CC7A-DDF3-4103-870D-8BF1158F384F}"
EndProject
Global
	GlobalSection(SolutionConfigurationPlatforms) = preSolution
		Debug|x86 = Debug|x86
		Release|x86 = Release|x86
	EndGlobalSection
	GlobalSection(ProjectConfigurationPlatforms) = postSolution
		{1100FBFD-6005-4847-BB45-DDAF98F3C900}.Debug|x86.ActiveCfg = Debug|x86
		{1100FBFD-6005-4847-BB45-DDAF98F3C900}.Debug|x86.Build.0 = Debug|x86
		{1100FBFD-6005-4847-BB45-DDAF98F3C900}.Release|x86.ActiveCfg = Release|x86
		{1100FBFD-6005-4847-BB45-DDAF98F3C900}.Release|x86.Build.0 = Release|x86
		{B3DC94CB-D00B-493B-B4C0-28FA84D478F0}.Debug|x86.ActiveCfg = Debug|x86
		{B3DC94CB-D00B-493B-B4C0-28FA84D478F0}.Debug|x86.Build.0 = Debug|x86
		{B3DC94CB-D00B-493B-B4C0-28FA84D478F0}.Release|x86.ActiveCfg = Release|x86
		{B3DC94CB-D00B-493B-B4C0-28FA84D478F0}.Release|x86.Build.0 = Release|x86
		{975A0E28-DE66-4C7E-900E-6A199A77429B}.Debug|x86.ActiveCfg = Debug|x86
		{975A0E28-DE66-4C7E-900E-6A199A77429B}.Debug|x86.Build.0 = Debug|x86
		{975A0E28-DE66-4C7E-900E-6A199A77429B}.Release|x86.ActiveCfg = Release|x86
		{975A0E28-DE66-4C7E-900E-6A199A77429B}.Release|x86.Build.0 = Release|x86
		{7CDD7182-D97F-4B46-B751-351D616E5C18}.Debug|x86.ActiveCfg = Debug|x86
		{7CDD7182-D97F-4B46-B751-351D616E5C18}.Debug|x86.Build.0 = Debug|x86
		{7CDD7182-D97F-4B46-B751-351D616E5C18}.Release|x86.ActiveCfg = Release|x86
		{7CDD7182-D97F-4B46-B751-351D616E5C18}.Release|x86.Build.0 = Release|x86
		{67639788-9E9C-4FB4-AF4D-FF58627D2E39}.Debug|x86.ActiveCfg = Debug|x86
		{67639788-9E9C-4FB4-AF4D-FF58627D2E39}.Debug|x86.Build.0 = Debug|x86
		{67639788-9E9C-4FB4-AF4D-FF58627D2E39}.Release|x86.ActiveCfg = Release|x86
		{67639788-9E9C-4FB4-AF4D-FF58627D2E39}.Release|x86.Build.0 = Release|x86
		{69F8CC7A-DDF3-4103-870D-8BF1158F384F}.Debug|x86.ActiveCfg = Debug|x86
		{69F8CC7A-DDF3-4103-870D-8BF1158F384F}.Debug|x86.Build.0 = Debug|x86
		{69F8CC7A-DDF3-4103-870D-8BF1158F384F}.Release|x86.ActiveCfg = Release|x86
		{69F8CC7A-DDF3-4103-870D-8BF1158F384F}.Release|x86.Build.0 = Release|x86
	EndGlobalSection
	GlobalSection(SolutionProperties) = preSolution
		HideSolutionNode = FALSE
	EndGlobalSection
	GlobalSection(NestedProjects) = preSolution
		{B3DC94CB-D00B-493B-B4C0-28FA84D478F0} = {6B7ABB8C-17A1-445F-A4A5-08408DB851E8}
		{6B7ABB8C-17A1-445F-A4A5-08408DB851E8} = {885F68A8-72D8-4356-9DB3-D6A291828A93}
		{0019F954-0E19-4800-B19C-C710841F3DF3} = {885F68A8-72D8-4356-9DB3-D6A291828A93}
		{C0C288F0-FCA4-4E6C-8A6A-5A1A8710160D} = {885F68A8-72D8-4356-9DB3-D6A291828A93}
		{400E4AEF-41B7-4FC4-87BF-A543F58B44B2} = {885F68A8-72D8-4356-9DB3-D6A291828A93}
		{975A0E28-DE66-4C7E-900E-6A199A77429B} = {400E4AEF-41B7-4FC4-87BF-A543F58B44B2}
		{7CDD7182-D97F-4B46-B751-351D616E5C18} = {C0C288F0-FCA4-4E6C-8A6A-5A1A8710160D}
		{67639788-9E9C-4FB4-AF4D-FF58627D2E39} = {0019F954-0E19-4800-B19C-C710841F3DF3}
		{69F8CC7A-DDF3-4103-870D-8BF1158F384F} = {0019F954-0E19-4800-B19C-C710841F3DF3}
	EndGlobalSection
EndGlobal
